{"is_source_file": false, "format": "", "description": "", "external_files": [], "external_methods": [], "published": [], "classes": [], "methods": [], "calls": [], "search-terms": [], "state": 2, "file_id": 9, "knowledge_revision": 25, "git_revision": "29e7491d9df5b432d6c400797f099f23b8d0ce8f", "filename": "/home/kavia/workspace/code-generation/savelite-22870-db24e38a/save_lite/post_process_status.lock", "hash": "9c4ed7ef73e22b872b8055bec08b8979", "format-version": 4, "code-base-name": "default", "revision_history": [{"25": "29e7491d9df5b432d6c400797f099f23b8d0ce8f"}]}